// !$*UTF8*$!
{
	archiveVersion = 1;
	classes = {
	};
	objectVersion = 56;
	objects = {

/* Begin PBXBuildFile section */
		C50490492C8D434A0098EE50 /* VideoCellView.swift in Sources */ = {isa = PBXBuildFile; fileRef = C50490482C8D434A0098EE50 /* VideoCellView.swift */; };
		C504904B2C8D46840098EE50 /* NullPostsView.swift in Sources */ = {isa = PBXBuildFile; fileRef = C504904A2C8D46840098EE50 /* NullPostsView.swift */; };
		C50BF8612C3DC41200E0B4A1 /* FirebaseStorage in Frameworks */ = {isa = PBXBuildFile; productRef = C50BF8602C3DC41200E0B4A1 /* FirebaseStorage */; };
		C50BF8632C3DC42100E0B4A1 /* FirebaseAuth in Frameworks */ = {isa = PBXBuildFile; productRef = C50BF8622C3DC42100E0B4A1 /* FirebaseAuth */; };
		C50BF8652C3DC43600E0B4A1 /* FirebaseFirestore in Frameworks */ = {isa = PBXBuildFile; productRef = C50BF8642C3DC43600E0B4A1 /* FirebaseFirestore */; };
		C50BF8672C3DC44A00E0B4A1 /* FirebaseDatabaseSwift in Frameworks */ = {isa = PBXBuildFile; productRef = C50BF8662C3DC44A00E0B4A1 /* FirebaseDatabaseSwift */; };
		C52988982C8A96E2000B1168 /* User.swift in Sources */ = {isa = PBXBuildFile; fileRef = C52988972C8A96E2000B1168 /* User.swift */; };
		C529889A2C8A9856000B1168 /* UserService.swift in Sources */ = {isa = PBXBuildFile; fileRef = C52988992C8A9856000B1168 /* UserService.swift */; };
		C529889C2C8AAB48000B1168 /* FirebaseFirestoreSwift in Frameworks */ = {isa = PBXBuildFile; productRef = C529889B2C8AAB48000B1168 /* FirebaseFirestoreSwift */; };
		C52988A12C8AD5AC000B1168 /* ProfileHeaderViewModel.swift in Sources */ = {isa = PBXBuildFile; fileRef = C52988A02C8AD5AC000B1168 /* ProfileHeaderViewModel.swift */; };
		C52988A32C8B87E0000B1168 /* ExploreViewModel.swift in Sources */ = {isa = PBXBuildFile; fileRef = C52988A22C8B87E0000B1168 /* ExploreViewModel.swift */; };
		C52988A92C8CC913000B1168 /* UserProfileView.swift in Sources */ = {isa = PBXBuildFile; fileRef = C52988A82C8CC913000B1168 /* UserProfileView.swift */; };
		C52988AB2C8D19DE000B1168 /* Followers.swift in Sources */ = {isa = PBXBuildFile; fileRef = C52988AA2C8D19DE000B1168 /* Followers.swift */; };
		C52988AD2C8D1D6E000B1168 /* PostGridViewModel.swift in Sources */ = {isa = PBXBuildFile; fileRef = C52988AC2C8D1D6E000B1168 /* PostGridViewModel.swift */; };
		C52AA8EE2C90942D00137B79 /* MediaPickerButton.swift in Sources */ = {isa = PBXBuildFile; fileRef = C52AA8ED2C90942D00137B79 /* MediaPickerButton.swift */; };
		C52AA8F02C9098C100137B79 /* UploadTextField.swift in Sources */ = {isa = PBXBuildFile; fileRef = C52AA8EF2C9098C100137B79 /* UploadTextField.swift */; };
		C52AA8F22C90A29100137B79 /* MediaPreview.swift in Sources */ = {isa = PBXBuildFile; fileRef = C52AA8F12C90A29100137B79 /* MediaPreview.swift */; };
		C52AA8F42C90A3E200137B79 /* UploadButton.swift in Sources */ = {isa = PBXBuildFile; fileRef = C52AA8F32C90A3E200137B79 /* UploadButton.swift */; };
		C537A46F2C3DE1920032C6B3 /* ContentViewModel.swift in Sources */ = {isa = PBXBuildFile; fileRef = C537A46E2C3DE1920032C6B3 /* ContentViewModel.swift */; };
		C547D2692C3CA403000E7E79 /* AuthService.swift in Sources */ = {isa = PBXBuildFile; fileRef = C547D2682C3CA403000E7E79 /* AuthService.swift */; };
		C547D26B2C3CA4F8000E7E79 /* LoginViewModel.swift in Sources */ = {isa = PBXBuildFile; fileRef = C547D26A2C3CA4F8000E7E79 /* LoginViewModel.swift */; };
		C547D26D2C3CA826000E7E79 /* RegistrationViewModel.swift in Sources */ = {isa = PBXBuildFile; fileRef = C547D26C2C3CA826000E7E79 /* RegistrationViewModel.swift */; };
		C55B996D2C2B973A003AC9BE /* TikTokTutorialApp.swift in Sources */ = {isa = PBXBuildFile; fileRef = C55B996C2C2B973A003AC9BE /* TikTokTutorialApp.swift */; };
		C55B996F2C2B973A003AC9BE /* ContentView.swift in Sources */ = {isa = PBXBuildFile; fileRef = C55B996E2C2B973A003AC9BE /* ContentView.swift */; };
		C55B99712C2B973F003AC9BE /* Assets.xcassets in Resources */ = {isa = PBXBuildFile; fileRef = C55B99702C2B973F003AC9BE /* Assets.xcassets */; };
		C55B99742C2B973F003AC9BE /* Preview Assets.xcassets in Resources */ = {isa = PBXBuildFile; fileRef = C55B99732C2B973F003AC9BE /* Preview Assets.xcassets */; };
		C55B99902C2C7A64003AC9BE /* MainTabView.swift in Sources */ = {isa = PBXBuildFile; fileRef = C55B998F2C2C7A64003AC9BE /* MainTabView.swift */; };
		C55B99922C2CF03F003AC9BE /* FeedView.swift in Sources */ = {isa = PBXBuildFile; fileRef = C55B99912C2CF03F003AC9BE /* FeedView.swift */; };
		C55B99942C2CF183003AC9BE /* FeedCell.swift in Sources */ = {isa = PBXBuildFile; fileRef = C55B99932C2CF183003AC9BE /* FeedCell.swift */; };
		C55B99962C2CFCCD003AC9BE /* ExploreView.swift in Sources */ = {isa = PBXBuildFile; fileRef = C55B99952C2CFCCC003AC9BE /* ExploreView.swift */; };
		C55B99982C2CFCDD003AC9BE /* UserCell.swift in Sources */ = {isa = PBXBuildFile; fileRef = C55B99972C2CFCDD003AC9BE /* UserCell.swift */; };
		C55B999A2C2D0D87003AC9BE /* NotificationsView.swift in Sources */ = {isa = PBXBuildFile; fileRef = C55B99992C2D0D87003AC9BE /* NotificationsView.swift */; };
		C55B999C2C2D0D92003AC9BE /* NotificationCell.swift in Sources */ = {isa = PBXBuildFile; fileRef = C55B999B2C2D0D92003AC9BE /* NotificationCell.swift */; };
		C55B999F2C2D37FB003AC9BE /* CurrentUserProfileView.swift in Sources */ = {isa = PBXBuildFile; fileRef = C55B999E2C2D37FB003AC9BE /* CurrentUserProfileView.swift */; };
		C55B99A12C2D385F003AC9BE /* ProfileHeaderView.swift in Sources */ = {isa = PBXBuildFile; fileRef = C55B99A02C2D385F003AC9BE /* ProfileHeaderView.swift */; };
		C55B99A32C2D386D003AC9BE /* PostGridView.swift in Sources */ = {isa = PBXBuildFile; fileRef = C55B99A22C2D386D003AC9BE /* PostGridView.swift */; };
		C55B99A62C2D3E05003AC9BE /* UserStatView.swift in Sources */ = {isa = PBXBuildFile; fileRef = C55B99A52C2D3E05003AC9BE /* UserStatView.swift */; };
		C55B99A92C2D48DE003AC9BE /* Post.swift in Sources */ = {isa = PBXBuildFile; fileRef = C55B99A82C2D48DE003AC9BE /* Post.swift */; };
		C55B99AE2C2D4968003AC9BE /* FeedViewModel.swift in Sources */ = {isa = PBXBuildFile; fileRef = C55B99AD2C2D4968003AC9BE /* FeedViewModel.swift */; };
		C55B99B02C2DD477003AC9BE /* CustomVideoPlayer.swift in Sources */ = {isa = PBXBuildFile; fileRef = C55B99AF2C2DD477003AC9BE /* CustomVideoPlayer.swift */; };
		C59A28CD2C34777700003EF2 /* FirebaseAnalytics in Frameworks */ = {isa = PBXBuildFile; productRef = C59A28CC2C34777700003EF2 /* FirebaseAnalytics */; };
		C59A28CF2C34777700003EF2 /* FirebaseAnalyticsOnDeviceConversion in Frameworks */ = {isa = PBXBuildFile; productRef = C59A28CE2C34777700003EF2 /* FirebaseAnalyticsOnDeviceConversion */; };
		C59A28D12C34777700003EF2 /* FirebaseAnalyticsSwift in Frameworks */ = {isa = PBXBuildFile; productRef = C59A28D02C34777700003EF2 /* FirebaseAnalyticsSwift */; };
		C59A28D32C34777700003EF2 /* FirebaseAnalyticsWithoutAdIdSupport in Frameworks */ = {isa = PBXBuildFile; productRef = C59A28D22C34777700003EF2 /* FirebaseAnalyticsWithoutAdIdSupport */; };
		C59A28D52C34777700003EF2 /* FirebaseAppCheck in Frameworks */ = {isa = PBXBuildFile; productRef = C59A28D42C34777700003EF2 /* FirebaseAppCheck */; };
		C59A28D62C347AFC00003EF2 /* GoogleService-Info.plist in Resources */ = {isa = PBXBuildFile; fileRef = C52CBE3E2C34704800E06774 /* GoogleService-Info.plist */; };
		C5B32ED32C90ED6E00EE4013 /* ServiceArchitecture.jpeg in Resources */ = {isa = PBXBuildFile; fileRef = C5B32ED22C90ED6E00EE4013 /* ServiceArchitecture.jpeg */; };
		C5BA785E2C2F744200D8A27E /* LoginView.swift in Sources */ = {isa = PBXBuildFile; fileRef = C5BA78592C2F744200D8A27E /* LoginView.swift */; };
		C5BA785F2C2F744200D8A27E /* RegistrationView.swift in Sources */ = {isa = PBXBuildFile; fileRef = C5BA785A2C2F744200D8A27E /* RegistrationView.swift */; };
		C5BA78612C2F77ED00D8A27E /* StandardTextFieldModifier.swift in Sources */ = {isa = PBXBuildFile; fileRef = C5BA78602C2F77ED00D8A27E /* StandardTextFieldModifier.swift */; };
		C5BA78632C2F8D5600D8A27E /* AuthenticationFormProtocol.swift in Sources */ = {isa = PBXBuildFile; fileRef = C5BA78622C2F8D5600D8A27E /* AuthenticationFormProtocol.swift */; };
		C5DA72862C8E2311001EA568 /* ServiceModels.swift in Sources */ = {isa = PBXBuildFile; fileRef = C5DA72852C8E2311001EA568 /* ServiceModels.swift */; };
		C5DA72882C8EB1E5001EA568 /* Cache.swift in Sources */ = {isa = PBXBuildFile; fileRef = C5DA72872C8EB1E5001EA568 /* Cache.swift */; };
		C5DA728B2C8F6F05001EA568 /* UploadView.swift in Sources */ = {isa = PBXBuildFile; fileRef = C5DA728A2C8F6F04001EA568 /* UploadView.swift */; };
		C5DA728F2C8F6FFC001EA568 /* MediaPicker.swift in Sources */ = {isa = PBXBuildFile; fileRef = C5DA728E2C8F6FFC001EA568 /* MediaPicker.swift */; };
/* End PBXBuildFile section */

/* Begin PBXFileReference section */
		C50490482C8D434A0098EE50 /* VideoCellView.swift */ = {isa = PBXFileReference; lastKnownFileType = sourcecode.swift; path = VideoCellView.swift; sourceTree = "<group>"; };
		C504904A2C8D46840098EE50 /* NullPostsView.swift */ = {isa = PBXFileReference; lastKnownFileType = sourcecode.swift; path = NullPostsView.swift; sourceTree = "<group>"; };
		C52988972C8A96E2000B1168 /* User.swift */ = {isa = PBXFileReference; lastKnownFileType = sourcecode.swift; path = User.swift; sourceTree = "<group>"; };
		C52988992C8A9856000B1168 /* UserService.swift */ = {isa = PBXFileReference; lastKnownFileType = sourcecode.swift; path = UserService.swift; sourceTree = "<group>"; };
		C52988A02C8AD5AC000B1168 /* ProfileHeaderViewModel.swift */ = {isa = PBXFileReference; lastKnownFileType = sourcecode.swift; path = ProfileHeaderViewModel.swift; sourceTree = "<group>"; };
		C52988A22C8B87E0000B1168 /* ExploreViewModel.swift */ = {isa = PBXFileReference; lastKnownFileType = sourcecode.swift; path = ExploreViewModel.swift; sourceTree = "<group>"; };
		C52988A82C8CC913000B1168 /* UserProfileView.swift */ = {isa = PBXFileReference; lastKnownFileType = sourcecode.swift; path = UserProfileView.swift; sourceTree = "<group>"; };
		C52988AA2C8D19DE000B1168 /* Followers.swift */ = {isa = PBXFileReference; lastKnownFileType = sourcecode.swift; path = Followers.swift; sourceTree = "<group>"; };
		C52988AC2C8D1D6E000B1168 /* PostGridViewModel.swift */ = {isa = PBXFileReference; lastKnownFileType = sourcecode.swift; path = PostGridViewModel.swift; sourceTree = "<group>"; };
		C52AA8ED2C90942D00137B79 /* MediaPickerButton.swift */ = {isa = PBXFileReference; lastKnownFileType = sourcecode.swift; path = MediaPickerButton.swift; sourceTree = "<group>"; };
		C52AA8EF2C9098C100137B79 /* UploadTextField.swift */ = {isa = PBXFileReference; lastKnownFileType = sourcecode.swift; path = UploadTextField.swift; sourceTree = "<group>"; };
		C52AA8F12C90A29100137B79 /* MediaPreview.swift */ = {isa = PBXFileReference; lastKnownFileType = sourcecode.swift; path = MediaPreview.swift; sourceTree = "<group>"; };
		C52AA8F32C90A3E200137B79 /* UploadButton.swift */ = {isa = PBXFileReference; lastKnownFileType = sourcecode.swift; path = UploadButton.swift; sourceTree = "<group>"; };
		C52CBE3E2C34704800E06774 /* GoogleService-Info.plist */ = {isa = PBXFileReference; lastKnownFileType = text.plist.xml; path = "GoogleService-Info.plist"; sourceTree = "<group>"; };
		C537A46E2C3DE1920032C6B3 /* ContentViewModel.swift */ = {isa = PBXFileReference; lastKnownFileType = sourcecode.swift; path = ContentViewModel.swift; sourceTree = "<group>"; };
		C547D2682C3CA403000E7E79 /* AuthService.swift */ = {isa = PBXFileReference; lastKnownFileType = sourcecode.swift; path = AuthService.swift; sourceTree = "<group>"; };
		C547D26A2C3CA4F8000E7E79 /* LoginViewModel.swift */ = {isa = PBXFileReference; lastKnownFileType = sourcecode.swift; path = LoginViewModel.swift; sourceTree = "<group>"; };
		C547D26C2C3CA826000E7E79 /* RegistrationViewModel.swift */ = {isa = PBXFileReference; lastKnownFileType = sourcecode.swift; path = RegistrationViewModel.swift; sourceTree = "<group>"; };
		C55B99692C2B973A003AC9BE /* TikTokTutorial.app */ = {isa = PBXFileReference; explicitFileType = wrapper.application; includeInIndex = 0; path = TikTokTutorial.app; sourceTree = BUILT_PRODUCTS_DIR; };
		C55B996C2C2B973A003AC9BE /* TikTokTutorialApp.swift */ = {isa = PBXFileReference; lastKnownFileType = sourcecode.swift; path = TikTokTutorialApp.swift; sourceTree = "<group>"; };
		C55B996E2C2B973A003AC9BE /* ContentView.swift */ = {isa = PBXFileReference; lastKnownFileType = sourcecode.swift; path = ContentView.swift; sourceTree = "<group>"; };
		C55B99702C2B973F003AC9BE /* Assets.xcassets */ = {isa = PBXFileReference; lastKnownFileType = folder.assetcatalog; path = Assets.xcassets; sourceTree = "<group>"; };
		C55B99732C2B973F003AC9BE /* Preview Assets.xcassets */ = {isa = PBXFileReference; lastKnownFileType = folder.assetcatalog; path = "Preview Assets.xcassets"; sourceTree = "<group>"; };
		C55B998F2C2C7A64003AC9BE /* MainTabView.swift */ = {isa = PBXFileReference; lastKnownFileType = sourcecode.swift; path = MainTabView.swift; sourceTree = "<group>"; };
		C55B99912C2CF03F003AC9BE /* FeedView.swift */ = {isa = PBXFileReference; lastKnownFileType = sourcecode.swift; path = FeedView.swift; sourceTree = "<group>"; };
		C55B99932C2CF183003AC9BE /* FeedCell.swift */ = {isa = PBXFileReference; lastKnownFileType = sourcecode.swift; path = FeedCell.swift; sourceTree = "<group>"; };
		C55B99952C2CFCCC003AC9BE /* ExploreView.swift */ = {isa = PBXFileReference; lastKnownFileType = sourcecode.swift; path = ExploreView.swift; sourceTree = "<group>"; };
		C55B99972C2CFCDD003AC9BE /* UserCell.swift */ = {isa = PBXFileReference; lastKnownFileType = sourcecode.swift; path = UserCell.swift; sourceTree = "<group>"; };
		C55B99992C2D0D87003AC9BE /* NotificationsView.swift */ = {isa = PBXFileReference; lastKnownFileType = sourcecode.swift; path = NotificationsView.swift; sourceTree = "<group>"; };
		C55B999B2C2D0D92003AC9BE /* NotificationCell.swift */ = {isa = PBXFileReference; lastKnownFileType = sourcecode.swift; path = NotificationCell.swift; sourceTree = "<group>"; };
		C55B999D2C2D25F4003AC9BE /* README.md */ = {isa = PBXFileReference; lastKnownFileType = net.daringfireball.markdown; path = README.md; sourceTree = "<group>"; };
		C55B999E2C2D37FB003AC9BE /* CurrentUserProfileView.swift */ = {isa = PBXFileReference; lastKnownFileType = sourcecode.swift; path = CurrentUserProfileView.swift; sourceTree = "<group>"; };
		C55B99A02C2D385F003AC9BE /* ProfileHeaderView.swift */ = {isa = PBXFileReference; lastKnownFileType = sourcecode.swift; path = ProfileHeaderView.swift; sourceTree = "<group>"; };
		C55B99A22C2D386D003AC9BE /* PostGridView.swift */ = {isa = PBXFileReference; lastKnownFileType = sourcecode.swift; path = PostGridView.swift; sourceTree = "<group>"; };
		C55B99A52C2D3E05003AC9BE /* UserStatView.swift */ = {isa = PBXFileReference; lastKnownFileType = sourcecode.swift; path = UserStatView.swift; sourceTree = "<group>"; };
		C55B99A82C2D48DE003AC9BE /* Post.swift */ = {isa = PBXFileReference; lastKnownFileType = sourcecode.swift; path = Post.swift; sourceTree = "<group>"; };
		C55B99AD2C2D4968003AC9BE /* FeedViewModel.swift */ = {isa = PBXFileReference; lastKnownFileType = sourcecode.swift; path = FeedViewModel.swift; sourceTree = "<group>"; };
		C55B99AF2C2DD477003AC9BE /* CustomVideoPlayer.swift */ = {isa = PBXFileReference; lastKnownFileType = sourcecode.swift; path = CustomVideoPlayer.swift; sourceTree = "<group>"; };
		C5B32ED22C90ED6E00EE4013 /* ServiceArchitecture.jpeg */ = {isa = PBXFileReference; lastKnownFileType = image.jpeg; name = ServiceArchitecture.jpeg; path = TikTokTutorial/Assets.xcassets/ServiceArchitecture.imageset/ServiceArchitecture.jpeg; sourceTree = SOURCE_ROOT; };
		C5BA78592C2F744200D8A27E /* LoginView.swift */ = {isa = PBXFileReference; fileEncoding = 4; lastKnownFileType = sourcecode.swift; path = LoginView.swift; sourceTree = "<group>"; };
		C5BA785A2C2F744200D8A27E /* RegistrationView.swift */ = {isa = PBXFileReference; fileEncoding = 4; lastKnownFileType = sourcecode.swift; path = RegistrationView.swift; sourceTree = "<group>"; };
		C5BA78602C2F77ED00D8A27E /* StandardTextFieldModifier.swift */ = {isa = PBXFileReference; lastKnownFileType = sourcecode.swift; path = StandardTextFieldModifier.swift; sourceTree = "<group>"; };
		C5BA78622C2F8D5600D8A27E /* AuthenticationFormProtocol.swift */ = {isa = PBXFileReference; lastKnownFileType = sourcecode.swift; path = AuthenticationFormProtocol.swift; sourceTree = "<group>"; };
		C5DA72852C8E2311001EA568 /* ServiceModels.swift */ = {isa = PBXFileReference; lastKnownFileType = sourcecode.swift; path = ServiceModels.swift; sourceTree = "<group>"; };
		C5DA72872C8EB1E5001EA568 /* Cache.swift */ = {isa = PBXFileReference; lastKnownFileType = sourcecode.swift; path = Cache.swift; sourceTree = "<group>"; };
		C5DA728A2C8F6F04001EA568 /* UploadView.swift */ = {isa = PBXFileReference; lastKnownFileType = sourcecode.swift; path = UploadView.swift; sourceTree = "<group>"; };
		C5DA728E2C8F6FFC001EA568 /* MediaPicker.swift */ = {isa = PBXFileReference; lastKnownFileType = sourcecode.swift; path = MediaPicker.swift; sourceTree = "<group>"; };
/* End PBXFileReference section */

/* Begin PBXFrameworksBuildPhase section */
		C55B99662C2B973A003AC9BE /* Frameworks */ = {
			isa = PBXFrameworksBuildPhase;
			buildActionMask = 2147483647;
			files = (
				C59A28D12C34777700003EF2 /* FirebaseAnalyticsSwift in Frameworks */,
				C59A28CD2C34777700003EF2 /* FirebaseAnalytics in Frameworks */,
				C59A28CF2C34777700003EF2 /* FirebaseAnalyticsOnDeviceConversion in Frameworks */,
				C50BF8672C3DC44A00E0B4A1 /* FirebaseDatabaseSwift in Frameworks */,
				C59A28D52C34777700003EF2 /* FirebaseAppCheck in Frameworks */,
				C529889C2C8AAB48000B1168 /* FirebaseFirestoreSwift in Frameworks */,
				C59A28D32C34777700003EF2 /* FirebaseAnalyticsWithoutAdIdSupport in Frameworks */,
				C50BF8652C3DC43600E0B4A1 /* FirebaseFirestore in Frameworks */,
				C50BF8632C3DC42100E0B4A1 /* FirebaseAuth in Frameworks */,
				C50BF8612C3DC41200E0B4A1 /* FirebaseStorage in Frameworks */,
			);
			runOnlyForDeploymentPostprocessing = 0;
		};
/* End PBXFrameworksBuildPhase section */

/* Begin PBXGroup section */
		C50BF85F2C3DC41200E0B4A1 /* Frameworks */ = {
			isa = PBXGroup;
			children = (
			);
			name = Frameworks;
			sourceTree = "<group>";
		};
		C529889F2C8AD591000B1168 /* Model */ = {
			isa = PBXGroup;
			children = (
				C52988A02C8AD5AC000B1168 /* ProfileHeaderViewModel.swift */,
				C52988AC2C8D1D6E000B1168 /* PostGridViewModel.swift */,
			);
			path = Model;
			sourceTree = "<group>";
		};
		C55B99602C2B973A003AC9BE = {
			isa = PBXGroup;
			children = (
				C52CBE3E2C34704800E06774 /* GoogleService-Info.plist */,
				C55B999D2C2D25F4003AC9BE /* README.md */,
				C55B996B2C2B973A003AC9BE /* TikTokTutorial */,
				C55B996A2C2B973A003AC9BE /* Products */,
				C50BF85F2C3DC41200E0B4A1 /* Frameworks */,
			);
			sourceTree = "<group>";
		};
		C55B996A2C2B973A003AC9BE /* Products */ = {
			isa = PBXGroup;
			children = (
				C55B99692C2B973A003AC9BE /* TikTokTutorial.app */,
			);
			name = Products;
			sourceTree = "<group>";
		};
		C55B996B2C2B973A003AC9BE /* TikTokTutorial */ = {
			isa = PBXGroup;
			children = (
				C5B32ED12C90ED3500EE4013 /* Images */,
				C55B99822C2B987D003AC9BE /* Services */,
				C55B99812C2B9841003AC9BE /* Utils */,
				C55B99802C2B983F003AC9BE /* Models */,
				C55B997F2C2B983E003AC9BE /* Extensions */,
				C55B997E2C2B983B003AC9BE /* Core */,
				C55B997A2C2B9828003AC9BE /* App */,
				C55B996C2C2B973A003AC9BE /* TikTokTutorialApp.swift */,
				C55B99702C2B973F003AC9BE /* Assets.xcassets */,
				C55B99722C2B973F003AC9BE /* Preview Content */,
			);
			path = TikTokTutorial;
			sourceTree = "<group>";
		};
		C55B99722C2B973F003AC9BE /* Preview Content */ = {
			isa = PBXGroup;
			children = (
				C55B99732C2B973F003AC9BE /* Preview Assets.xcassets */,
			);
			path = "Preview Content";
			sourceTree = "<group>";
		};
		C55B997A2C2B9828003AC9BE /* App */ = {
			isa = PBXGroup;
			children = (
			);
			path = App;
			sourceTree = "<group>";
		};
		C55B997E2C2B983B003AC9BE /* Core */ = {
			isa = PBXGroup;
			children = (
				C5DA72892C8F6EE9001EA568 /* Upload */,
				C55B998C2C2B98B5003AC9BE /* Authentication */,
				C55B998B2C2B98B4003AC9BE /* Comments */,
				C55B998A2C2B98B2003AC9BE /* Components */,
				C55B99892C2B98B1003AC9BE /* Feed */,
				C55B99832C2B9898003AC9BE /* Notifications */,
				C55B99882C2B98B0003AC9BE /* Profile */,
				C55B99872C2B98B0003AC9BE /* Root */,
				C55B99862C2B989D003AC9BE /* Search */,
				C55B99852C2B989C003AC9BE /* TabBar */,
				C55B99842C2B989A003AC9BE /* UploadMedia */,
			);
			path = Core;
			sourceTree = "<group>";
		};
		C55B997F2C2B983E003AC9BE /* Extensions */ = {
			isa = PBXGroup;
			children = (
			);
			path = Extensions;
			sourceTree = "<group>";
		};
		C55B99802C2B983F003AC9BE /* Models */ = {
			isa = PBXGroup;
			children = (
				C55B99A82C2D48DE003AC9BE /* Post.swift */,
				C52988972C8A96E2000B1168 /* User.swift */,
				C52988AA2C8D19DE000B1168 /* Followers.swift */,
			);
			path = Models;
			sourceTree = "<group>";
		};
		C55B99812C2B9841003AC9BE /* Utils */ = {
			isa = PBXGroup;
			children = (
				C5BA78602C2F77ED00D8A27E /* StandardTextFieldModifier.swift */,
				C5DA72872C8EB1E5001EA568 /* Cache.swift */,
			);
			path = Utils;
			sourceTree = "<group>";
		};
		C55B99822C2B987D003AC9BE /* Services */ = {
			isa = PBXGroup;
			children = (
				C547D2682C3CA403000E7E79 /* AuthService.swift */,
				C52988992C8A9856000B1168 /* UserService.swift */,
				C5DA72852C8E2311001EA568 /* ServiceModels.swift */,
			);
			path = Services;
			sourceTree = "<group>";
		};
		C55B99832C2B9898003AC9BE /* Notifications */ = {
			isa = PBXGroup;
			children = (
				C55B99992C2D0D87003AC9BE /* NotificationsView.swift */,
				C55B999B2C2D0D92003AC9BE /* NotificationCell.swift */,
			);
			path = Notifications;
			sourceTree = "<group>";
		};
		C55B99842C2B989A003AC9BE /* UploadMedia */ = {
			isa = PBXGroup;
			children = (
			);
			path = UploadMedia;
			sourceTree = "<group>";
		};
		C55B99852C2B989C003AC9BE /* TabBar */ = {
			isa = PBXGroup;
			children = (
				C55B998F2C2C7A64003AC9BE /* MainTabView.swift */,
			);
			path = TabBar;
			sourceTree = "<group>";
		};
		C55B99862C2B989D003AC9BE /* Search */ = {
			isa = PBXGroup;
			children = (
				C55B99952C2CFCCC003AC9BE /* ExploreView.swift */,
				C55B99972C2CFCDD003AC9BE /* UserCell.swift */,
				C52988A22C8B87E0000B1168 /* ExploreViewModel.swift */,
			);
			path = Search;
			sourceTree = "<group>";
		};
		C55B99872C2B98B0003AC9BE /* Root */ = {
			isa = PBXGroup;
			children = (
				C55B996E2C2B973A003AC9BE /* ContentView.swift */,
				C537A46E2C3DE1920032C6B3 /* ContentViewModel.swift */,
			);
			path = Root;
			sourceTree = "<group>";
		};
		C55B99882C2B98B0003AC9BE /* Profile */ = {
			isa = PBXGroup;
			children = (
				C529889F2C8AD591000B1168 /* Model */,
				C55B99A42C2D3DF2003AC9BE /* Components */,
				C55B99A72C2D3E2F003AC9BE /* View */,
			);
			path = Profile;
			sourceTree = "<group>";
		};
		C55B99892C2B98B1003AC9BE /* Feed */ = {
			isa = PBXGroup;
			children = (
				C55B99AB2C2D490C003AC9BE /* Service */,
				C55B99AA2C2D490B003AC9BE /* View */,
				C55B99AC2C2D490D003AC9BE /* ViewModel */,
			);
			path = Feed;
			sourceTree = "<group>";
		};
		C55B998A2C2B98B2003AC9BE /* Components */ = {
			isa = PBXGroup;
			children = (
				C55B99AF2C2DD477003AC9BE /* CustomVideoPlayer.swift */,
			);
			path = Components;
			sourceTree = "<group>";
		};
		C55B998B2C2B98B4003AC9BE /* Comments */ = {
			isa = PBXGroup;
			children = (
			);
			path = Comments;
			sourceTree = "<group>";
		};
		C55B998C2C2B98B5003AC9BE /* Authentication */ = {
			isa = PBXGroup;
			children = (
				C5BA78582C2F744200D8A27E /* Model */,
				C5BA78552C2F744200D8A27E /* Protocols */,
				C5BA78562C2F744200D8A27E /* Service */,
				C5BA785B2C2F744200D8A27E /* View */,
				C5BA785C2C2F744200D8A27E /* ViewModel */,
			);
			name = Authentication;
			path = Authentication/Protocols;
			sourceTree = "<group>";
		};
		C55B99A42C2D3DF2003AC9BE /* Components */ = {
			isa = PBXGroup;
			children = (
				C55B99A22C2D386D003AC9BE /* PostGridView.swift */,
				C55B99A02C2D385F003AC9BE /* ProfileHeaderView.swift */,
				C55B99A52C2D3E05003AC9BE /* UserStatView.swift */,
				C50490482C8D434A0098EE50 /* VideoCellView.swift */,
			);
			path = Components;
			sourceTree = "<group>";
		};
		C55B99A72C2D3E2F003AC9BE /* View */ = {
			isa = PBXGroup;
			children = (
				C504904A2C8D46840098EE50 /* NullPostsView.swift */,
				C55B999E2C2D37FB003AC9BE /* CurrentUserProfileView.swift */,
				C52988A82C8CC913000B1168 /* UserProfileView.swift */,
			);
			path = View;
			sourceTree = "<group>";
		};
		C55B99AA2C2D490B003AC9BE /* View */ = {
			isa = PBXGroup;
			children = (
				C55B99912C2CF03F003AC9BE /* FeedView.swift */,
				C55B99932C2CF183003AC9BE /* FeedCell.swift */,
			);
			path = View;
			sourceTree = "<group>";
		};
		C55B99AB2C2D490C003AC9BE /* Service */ = {
			isa = PBXGroup;
			children = (
			);
			path = Service;
			sourceTree = "<group>";
		};
		C55B99AC2C2D490D003AC9BE /* ViewModel */ = {
			isa = PBXGroup;
			children = (
				C55B99AD2C2D4968003AC9BE /* FeedViewModel.swift */,
			);
			path = ViewModel;
			sourceTree = "<group>";
		};
		C5B32ED12C90ED3500EE4013 /* Images */ = {
			isa = PBXGroup;
			children = (
				C5B32ED22C90ED6E00EE4013 /* ServiceArchitecture.jpeg */,
			);
			path = Images;
			sourceTree = "<group>";
		};
		C5BA78552C2F744200D8A27E /* Protocols */ = {
			isa = PBXGroup;
			children = (
				C5BA78622C2F8D5600D8A27E /* AuthenticationFormProtocol.swift */,
			);
			name = Protocols;
			sourceTree = "<group>";
		};
		C5BA78562C2F744200D8A27E /* Service */ = {
			isa = PBXGroup;
			children = (
			);
			name = Service;
			path = TikTokTutorial/Core/Authentication/Service;
			sourceTree = SOURCE_ROOT;
		};
		C5BA78582C2F744200D8A27E /* Model */ = {
			isa = PBXGroup;
			children = (
			);
			name = Model;
			path = TikTokTutorial/Core/Authentication/Model;
			sourceTree = SOURCE_ROOT;
		};
		C5BA785B2C2F744200D8A27E /* View */ = {
			isa = PBXGroup;
			children = (
				C5BA78592C2F744200D8A27E /* LoginView.swift */,
				C5BA785A2C2F744200D8A27E /* RegistrationView.swift */,
			);
			name = View;
			path = TikTokTutorial/Core/Authentication/View;
			sourceTree = SOURCE_ROOT;
		};
		C5BA785C2C2F744200D8A27E /* ViewModel */ = {
			isa = PBXGroup;
			children = (
				C547D26A2C3CA4F8000E7E79 /* LoginViewModel.swift */,
				C547D26C2C3CA826000E7E79 /* RegistrationViewModel.swift */,
			);
			name = ViewModel;
			path = TikTokTutorial/Core/Authentication/ViewModel;
			sourceTree = SOURCE_ROOT;
		};
		C5DA72892C8F6EE9001EA568 /* Upload */ = {
			isa = PBXGroup;
			children = (
				C5DA728D2C8F6FDB001EA568 /* Components */,
				C5DA728C2C8F6FD4001EA568 /* Views */,
			);
			path = Upload;
			sourceTree = "<group>";
		};
		C5DA728C2C8F6FD4001EA568 /* Views */ = {
			isa = PBXGroup;
			children = (
				C5DA728A2C8F6F04001EA568 /* UploadView.swift */,
			);
			path = Views;
			sourceTree = "<group>";
		};
		C5DA728D2C8F6FDB001EA568 /* Components */ = {
			isa = PBXGroup;
			children = (
				C5DA728E2C8F6FFC001EA568 /* MediaPicker.swift */,
				C52AA8ED2C90942D00137B79 /* MediaPickerButton.swift */,
				C52AA8EF2C9098C100137B79 /* UploadTextField.swift */,
				C52AA8F12C90A29100137B79 /* MediaPreview.swift */,
				C52AA8F32C90A3E200137B79 /* UploadButton.swift */,
			);
			path = Components;
			sourceTree = "<group>";
		};
/* End PBXGroup section */

/* Begin PBXNativeTarget section */
		C55B99682C2B973A003AC9BE /* TikTokTutorial */ = {
			isa = PBXNativeTarget;
			buildConfigurationList = C55B99772C2B973F003AC9BE /* Build configuration list for PBXNativeTarget "TikTokTutorial" */;
			buildPhases = (
				C55B99652C2B973A003AC9BE /* Sources */,
				C55B99662C2B973A003AC9BE /* Frameworks */,
				C55B99672C2B973A003AC9BE /* Resources */,
			);
			buildRules = (
			);
			dependencies = (
			);
			name = TikTokTutorial;
			packageProductDependencies = (
				C59A28CC2C34777700003EF2 /* FirebaseAnalytics */,
				C59A28CE2C34777700003EF2 /* FirebaseAnalyticsOnDeviceConversion */,
				C59A28D02C34777700003EF2 /* FirebaseAnalyticsSwift */,
				C59A28D22C34777700003EF2 /* FirebaseAnalyticsWithoutAdIdSupport */,
				C59A28D42C34777700003EF2 /* FirebaseAppCheck */,
				C50BF8602C3DC41200E0B4A1 /* FirebaseStorage */,
				C50BF8622C3DC42100E0B4A1 /* FirebaseAuth */,
				C50BF8642C3DC43600E0B4A1 /* FirebaseFirestore */,
				C50BF8662C3DC44A00E0B4A1 /* FirebaseDatabaseSwift */,
				C529889B2C8AAB48000B1168 /* FirebaseFirestoreSwift */,
			);
			productName = TikTokTutorial;
			productReference = C55B99692C2B973A003AC9BE /* TikTokTutorial.app */;
			productType = "com.apple.product-type.application";
		};
/* End PBXNativeTarget section */

/* Begin PBXProject section */
		C55B99612C2B973A003AC9BE /* Project object */ = {
			isa = PBXProject;
			attributes = {
				BuildIndependentTargetsInParallel = 1;
				LastSwiftUpdateCheck = 1540;
				LastUpgradeCheck = 1540;
				TargetAttributes = {
					C55B99682C2B973A003AC9BE = {
						CreatedOnToolsVersion = 15.4;
					};
				};
			};
			buildConfigurationList = C55B99642C2B973A003AC9BE /* Build configuration list for PBXProject "TikTokTutorial" */;
			compatibilityVersion = "Xcode 14.0";
			developmentRegion = en;
			hasScannedForEncodings = 0;
			knownRegions = (
				en,
				Base,
			);
			mainGroup = C55B99602C2B973A003AC9BE;
			packageReferences = (
				C59A28CB2C34777700003EF2 /* XCRemoteSwiftPackageReference "firebase-ios-sdk" */,
			);
			productRefGroup = C55B996A2C2B973A003AC9BE /* Products */;
			projectDirPath = "";
			projectRoot = "";
			targets = (
				C55B99682C2B973A003AC9BE /* TikTokTutorial */,
			);
		};
/* End PBXProject section */

/* Begin PBXResourcesBuildPhase section */
		C55B99672C2B973A003AC9BE /* Resources */ = {
			isa = PBXResourcesBuildPhase;
			buildActionMask = 2147483647;
			files = (
				C5B32ED32C90ED6E00EE4013 /* ServiceArchitecture.jpeg in Resources */,
				C55B99742C2B973F003AC9BE /* Preview Assets.xcassets in Resources */,
				C55B99712C2B973F003AC9BE /* Assets.xcassets in Resources */,
				C59A28D62C347AFC00003EF2 /* GoogleService-Info.plist in Resources */,
			);
			runOnlyForDeploymentPostprocessing = 0;
		};
/* End PBXResourcesBuildPhase section */

/* Begin PBXSourcesBuildPhase section */
		C55B99652C2B973A003AC9BE /* Sources */ = {
			isa = PBXSourcesBuildPhase;
			buildActionMask = 2147483647;
			files = (
				C50490492C8D434A0098EE50 /* VideoCellView.swift in Sources */,
				C55B99922C2CF03F003AC9BE /* FeedView.swift in Sources */,
				C52AA8F22C90A29100137B79 /* MediaPreview.swift in Sources */,
				C55B99B02C2DD477003AC9BE /* CustomVideoPlayer.swift in Sources */,
				C547D26B2C3CA4F8000E7E79 /* LoginViewModel.swift in Sources */,
				C52988982C8A96E2000B1168 /* User.swift in Sources */,
				C55B999C2C2D0D92003AC9BE /* NotificationCell.swift in Sources */,
				C52AA8EE2C90942D00137B79 /* MediaPickerButton.swift in Sources */,
				C5DA72862C8E2311001EA568 /* ServiceModels.swift in Sources */,
				C55B99A12C2D385F003AC9BE /* ProfileHeaderView.swift in Sources */,
				C5DA728F2C8F6FFC001EA568 /* MediaPicker.swift in Sources */,
				C529889A2C8A9856000B1168 /* UserService.swift in Sources */,
				C55B99A62C2D3E05003AC9BE /* UserStatView.swift in Sources */,
				C5BA78612C2F77ED00D8A27E /* StandardTextFieldModifier.swift in Sources */,
				C52AA8F42C90A3E200137B79 /* UploadButton.swift in Sources */,
				C547D2692C3CA403000E7E79 /* AuthService.swift in Sources */,
				C537A46F2C3DE1920032C6B3 /* ContentViewModel.swift in Sources */,
				C52AA8F02C9098C100137B79 /* UploadTextField.swift in Sources */,
				C52988A12C8AD5AC000B1168 /* ProfileHeaderViewModel.swift in Sources */,
				C55B99942C2CF183003AC9BE /* FeedCell.swift in Sources */,
				C55B99AE2C2D4968003AC9BE /* FeedViewModel.swift in Sources */,
				C55B99A92C2D48DE003AC9BE /* Post.swift in Sources */,
				C55B996F2C2B973A003AC9BE /* ContentView.swift in Sources */,
				C5BA78632C2F8D5600D8A27E /* AuthenticationFormProtocol.swift in Sources */,
				C547D26D2C3CA826000E7E79 /* RegistrationViewModel.swift in Sources */,
				C55B999A2C2D0D87003AC9BE /* NotificationsView.swift in Sources */,
				C5DA72882C8EB1E5001EA568 /* Cache.swift in Sources */,
				C55B996D2C2B973A003AC9BE /* TikTokTutorialApp.swift in Sources */,
				C52988A32C8B87E0000B1168 /* ExploreViewModel.swift in Sources */,
				C5BA785E2C2F744200D8A27E /* LoginView.swift in Sources */,
				C5BA785F2C2F744200D8A27E /* RegistrationView.swift in Sources */,
				C55B99962C2CFCCD003AC9BE /* ExploreView.swift in Sources */,
				C5DA728B2C8F6F05001EA568 /* UploadView.swift in Sources */,
				C55B99A32C2D386D003AC9BE /* PostGridView.swift in Sources */,
				C52988A92C8CC913000B1168 /* UserProfileView.swift in Sources */,
				C55B999F2C2D37FB003AC9BE /* CurrentUserProfileView.swift in Sources */,
				C52988AD2C8D1D6E000B1168 /* PostGridViewModel.swift in Sources */,
				C52988AB2C8D19DE000B1168 /* Followers.swift in Sources */,
				C55B99902C2C7A64003AC9BE /* MainTabView.swift in Sources */,
				C55B99982C2CFCDD003AC9BE /* UserCell.swift in Sources */,
				C504904B2C8D46840098EE50 /* NullPostsView.swift in Sources */,
			);
			runOnlyForDeploymentPostprocessing = 0;
		};
/* End PBXSourcesBuildPhase section */

/* Begin XCBuildConfiguration section */
		C55B99752C2B973F003AC9BE /* Debug */ = {
			isa = XCBuildConfiguration;
			buildSettings = {
				ALWAYS_SEARCH_USER_PATHS = NO;
				ASSETCATALOG_COMPILER_GENERATE_SWIFT_ASSET_SYMBOL_EXTENSIONS = YES;
				CLANG_ANALYZER_NONNULL = YES;
				CLANG_ANALYZER_NUMBER_OBJECT_CONVERSION = YES_AGGRESSIVE;
				CLANG_CXX_LANGUAGE_STANDARD = "gnu++20";
				CLANG_ENABLE_MODULES = YES;
				CLANG_ENABLE_OBJC_ARC = YES;
				CLANG_ENABLE_OBJC_WEAK = YES;
				CLANG_WARN_BLOCK_CAPTURE_AUTORELEASING = YES;
				CLANG_WARN_BOOL_CONVERSION = YES;
				CLANG_WARN_COMMA = YES;
				CLANG_WARN_CONSTANT_CONVERSION = YES;
				CLANG_WARN_DEPRECATED_OBJC_IMPLEMENTATIONS = YES;
				CLANG_WARN_DIRECT_OBJC_ISA_USAGE = YES_ERROR;
				CLANG_WARN_DOCUMENTATION_COMMENTS = YES;
				CLANG_WARN_EMPTY_BODY = YES;
				CLANG_WARN_ENUM_CONVERSION = YES;
				CLANG_WARN_INFINITE_RECURSION = YES;
				CLANG_WARN_INT_CONVERSION = YES;
				CLANG_WARN_NON_LITERAL_NULL_CONVERSION = YES;
				CLANG_WARN_OBJC_IMPLICIT_RETAIN_SELF = YES;
				CLANG_WARN_OBJC_LITERAL_CONVERSION = YES;
				CLANG_WARN_OBJC_ROOT_CLASS = YES_ERROR;
				CLANG_WARN_QUOTED_INCLUDE_IN_FRAMEWORK_HEADER = YES;
				CLANG_WARN_RANGE_LOOP_ANALYSIS = YES;
				CLANG_WARN_STRICT_PROTOTYPES = YES;
				CLANG_WARN_SUSPICIOUS_MOVE = YES;
				CLANG_WARN_UNGUARDED_AVAILABILITY = YES_AGGRESSIVE;
				CLANG_WARN_UNREACHABLE_CODE = YES;
				CLANG_WARN__DUPLICATE_METHOD_MATCH = YES;
				COPY_PHASE_STRIP = NO;
				DEBUG_INFORMATION_FORMAT = dwarf;
				ENABLE_STRICT_OBJC_MSGSEND = YES;
				ENABLE_TESTABILITY = YES;
				ENABLE_USER_SCRIPT_SANDBOXING = YES;
				GCC_C_LANGUAGE_STANDARD = gnu17;
				GCC_DYNAMIC_NO_PIC = NO;
				GCC_NO_COMMON_BLOCKS = YES;
				GCC_OPTIMIZATION_LEVEL = 0;
				GCC_PREPROCESSOR_DEFINITIONS = (
					"DEBUG=1",
					"$(inherited)",
				);
				GCC_WARN_64_TO_32_BIT_CONVERSION = YES;
				GCC_WARN_ABOUT_RETURN_TYPE = YES_ERROR;
				GCC_WARN_UNDECLARED_SELECTOR = YES;
				GCC_WARN_UNINITIALIZED_AUTOS = YES_AGGRESSIVE;
				GCC_WARN_UNUSED_FUNCTION = YES;
				GCC_WARN_UNUSED_VARIABLE = YES;
				IPHONEOS_DEPLOYMENT_TARGET = 17.5;
				LOCALIZATION_PREFERS_STRING_CATALOGS = YES;
				MTL_ENABLE_DEBUG_INFO = INCLUDE_SOURCE;
				MTL_FAST_MATH = YES;
				ONLY_ACTIVE_ARCH = YES;
				SDKROOT = iphoneos;
				SWIFT_ACTIVE_COMPILATION_CONDITIONS = "DEBUG $(inherited)";
				SWIFT_OPTIMIZATION_LEVEL = "-Onone";
			};
			name = Debug;
		};
		C55B99762C2B973F003AC9BE /* Release */ = {
			isa = XCBuildConfiguration;
			buildSettings = {
				ALWAYS_SEARCH_USER_PATHS = NO;
				ASSETCATALOG_COMPILER_GENERATE_SWIFT_ASSET_SYMBOL_EXTENSIONS = YES;
				CLANG_ANALYZER_NONNULL = YES;
				CLANG_ANALYZER_NUMBER_OBJECT_CONVERSION = YES_AGGRESSIVE;
				CLANG_CXX_LANGUAGE_STANDARD = "gnu++20";
				CLANG_ENABLE_MODULES = YES;
				CLANG_ENABLE_OBJC_ARC = YES;
				CLANG_ENABLE_OBJC_WEAK = YES;
				CLANG_WARN_BLOCK_CAPTURE_AUTORELEASING = YES;
				CLANG_WARN_BOOL_CONVERSION = YES;
				CLANG_WARN_COMMA = YES;
				CLANG_WARN_CONSTANT_CONVERSION = YES;
				CLANG_WARN_DEPRECATED_OBJC_IMPLEMENTATIONS = YES;
				CLANG_WARN_DIRECT_OBJC_ISA_USAGE = YES_ERROR;
				CLANG_WARN_DOCUMENTATION_COMMENTS = YES;
				CLANG_WARN_EMPTY_BODY = YES;
				CLANG_WARN_ENUM_CONVERSION = YES;
				CLANG_WARN_INFINITE_RECURSION = YES;
				CLANG_WARN_INT_CONVERSION = YES;
				CLANG_WARN_NON_LITERAL_NULL_CONVERSION = YES;
				CLANG_WARN_OBJC_IMPLICIT_RETAIN_SELF = YES;
				CLANG_WARN_OBJC_LITERAL_CONVERSION = YES;
				CLANG_WARN_OBJC_ROOT_CLASS = YES_ERROR;
				CLANG_WARN_QUOTED_INCLUDE_IN_FRAMEWORK_HEADER = YES;
				CLANG_WARN_RANGE_LOOP_ANALYSIS = YES;
				CLANG_WARN_STRICT_PROTOTYPES = YES;
				CLANG_WARN_SUSPICIOUS_MOVE = YES;
				CLANG_WARN_UNGUARDED_AVAILABILITY = YES_AGGRESSIVE;
				CLANG_WARN_UNREACHABLE_CODE = YES;
				CLANG_WARN__DUPLICATE_METHOD_MATCH = YES;
				COPY_PHASE_STRIP = NO;
				DEBUG_INFORMATION_FORMAT = "dwarf-with-dsym";
				ENABLE_NS_ASSERTIONS = NO;
				ENABLE_STRICT_OBJC_MSGSEND = YES;
				ENABLE_USER_SCRIPT_SANDBOXING = YES;
				GCC_C_LANGUAGE_STANDARD = gnu17;
				GCC_NO_COMMON_BLOCKS = YES;
				GCC_WARN_64_TO_32_BIT_CONVERSION = YES;
				GCC_WARN_ABOUT_RETURN_TYPE = YES_ERROR;
				GCC_WARN_UNDECLARED_SELECTOR = YES;
				GCC_WARN_UNINITIALIZED_AUTOS = YES_AGGRESSIVE;
				GCC_WARN_UNUSED_FUNCTION = YES;
				GCC_WARN_UNUSED_VARIABLE = YES;
				IPHONEOS_DEPLOYMENT_TARGET = 17.5;
				LOCALIZATION_PREFERS_STRING_CATALOGS = YES;
				MTL_ENABLE_DEBUG_INFO = NO;
				MTL_FAST_MATH = YES;
				SDKROOT = iphoneos;
				SWIFT_COMPILATION_MODE = wholemodule;
				VALIDATE_PRODUCT = YES;
			};
			name = Release;
		};
		C55B99782C2B973F003AC9BE /* Debug */ = {
			isa = XCBuildConfiguration;
			buildSettings = {
				ASSETCATALOG_COMPILER_APPICON_NAME = AppIcon;
				ASSETCATALOG_COMPILER_GLOBAL_ACCENT_COLOR_NAME = AccentColor;
				CODE_SIGN_STYLE = Automatic;
				CURRENT_PROJECT_VERSION = 1;
				DEVELOPMENT_ASSET_PATHS = "\"TikTokTutorial/Preview Content\"";
				DEVELOPMENT_TEAM = 38RM5593K9;
				ENABLE_PREVIEWS = YES;
				GENERATE_INFOPLIST_FILE = YES;
				INFOPLIST_KEY_UIApplicationSceneManifest_Generation = YES;
				INFOPLIST_KEY_UIApplicationSupportsIndirectInputEvents = YES;
				INFOPLIST_KEY_UILaunchScreen_Generation = YES;
				INFOPLIST_KEY_UISupportedInterfaceOrientations_iPad = "UIInterfaceOrientationPortrait UIInterfaceOrientationPortraitUpsideDown UIInterfaceOrientationLandscapeLeft UIInterfaceOrientationLandscapeRight";
				INFOPLIST_KEY_UISupportedInterfaceOrientations_iPhone = "UIInterfaceOrientationPortrait UIInterfaceOrientationLandscapeLeft UIInterfaceOrientationLandscapeRight";
				LD_RUNPATH_SEARCH_PATHS = (
					"$(inherited)",
					"@executable_path/Frameworks",
				);
				MARKETING_VERSION = 1.0;
				PRODUCT_BUNDLE_IDENTIFIER = "Guerra-Inc.TikTokTutorial";
				PRODUCT_NAME = "$(TARGET_NAME)";
				SWIFT_EMIT_LOC_STRINGS = YES;
				SWIFT_VERSION = 5.0;
				TARGETED_DEVICE_FAMILY = "1,2";
			};
			name = Debug;
		};
		C55B99792C2B973F003AC9BE /* Release */ = {
			isa = XCBuildConfiguration;
			buildSettings = {
				ASSETCATALOG_COMPILER_APPICON_NAME = AppIcon;
				ASSETCATALOG_COMPILER_GLOBAL_ACCENT_COLOR_NAME = AccentColor;
				CODE_SIGN_STYLE = Automatic;
				CURRENT_PROJECT_VERSION = 1;
				DEVELOPMENT_ASSET_PATHS = "\"TikTokTutorial/Preview Content\"";
				DEVELOPMENT_TEAM = 38RM5593K9;
				ENABLE_PREVIEWS = YES;
				GENERATE_INFOPLIST_FILE = YES;
				INFOPLIST_KEY_UIApplicationSceneManifest_Generation = YES;
				INFOPLIST_KEY_UIApplicationSupportsIndirectInputEvents = YES;
				INFOPLIST_KEY_UILaunchScreen_Generation = YES;
				INFOPLIST_KEY_UISupportedInterfaceOrientations_iPad = "UIInterfaceOrientationPortrait UIInterfaceOrientationPortraitUpsideDown UIInterfaceOrientationLandscapeLeft UIInterfaceOrientationLandscapeRight";
				INFOPLIST_KEY_UISupportedInterfaceOrientations_iPhone = "UIInterfaceOrientationPortrait UIInterfaceOrientationLandscapeLeft UIInterfaceOrientationLandscapeRight";
				LD_RUNPATH_SEARCH_PATHS = (
					"$(inherited)",
					"@executable_path/Frameworks",
				);
				MARKETING_VERSION = 1.0;
				PRODUCT_BUNDLE_IDENTIFIER = "Guerra-Inc.TikTokTutorial";
				PRODUCT_NAME = "$(TARGET_NAME)";
				SWIFT_EMIT_LOC_STRINGS = YES;
				SWIFT_VERSION = 5.0;
				TARGETED_DEVICE_FAMILY = "1,2";
			};
			name = Release;
		};
/* End XCBuildConfiguration section */

/* Begin XCConfigurationList section */
		C55B99642C2B973A003AC9BE /* Build configuration list for PBXProject "TikTokTutorial" */ = {
			isa = XCConfigurationList;
			buildConfigurations = (
				C55B99752C2B973F003AC9BE /* Debug */,
				C55B99762C2B973F003AC9BE /* Release */,
			);
			defaultConfigurationIsVisible = 0;
			defaultConfigurationName = Release;
		};
		C55B99772C2B973F003AC9BE /* Build configuration list for PBXNativeTarget "TikTokTutorial" */ = {
			isa = XCConfigurationList;
			buildConfigurations = (
				C55B99782C2B973F003AC9BE /* Debug */,
				C55B99792C2B973F003AC9BE /* Release */,
			);
			defaultConfigurationIsVisible = 0;
			defaultConfigurationName = Release;
		};
/* End XCConfigurationList section */

/* Begin XCRemoteSwiftPackageReference section */
		C59A28CB2C34777700003EF2 /* XCRemoteSwiftPackageReference "firebase-ios-sdk" */ = {
			isa = XCRemoteSwiftPackageReference;
			repositoryURL = "https://github.com/firebase/firebase-ios-sdk";
			requirement = {
				kind = upToNextMajorVersion;
				minimumVersion = 10.28.1;
			};
		};
/* End XCRemoteSwiftPackageReference section */

/* Begin XCSwiftPackageProductDependency section */
		C50BF8602C3DC41200E0B4A1 /* FirebaseStorage */ = {
			isa = XCSwiftPackageProductDependency;
			package = C59A28CB2C34777700003EF2 /* XCRemoteSwiftPackageReference "firebase-ios-sdk" */;
			productName = FirebaseStorage;
		};
		C50BF8622C3DC42100E0B4A1 /* FirebaseAuth */ = {
			isa = XCSwiftPackageProductDependency;
			package = C59A28CB2C34777700003EF2 /* XCRemoteSwiftPackageReference "firebase-ios-sdk" */;
			productName = FirebaseAuth;
		};
		C50BF8642C3DC43600E0B4A1 /* FirebaseFirestore */ = {
			isa = XCSwiftPackageProductDependency;
			package = C59A28CB2C34777700003EF2 /* XCRemoteSwiftPackageReference "firebase-ios-sdk" */;
			productName = FirebaseFirestore;
		};
		C50BF8662C3DC44A00E0B4A1 /* FirebaseDatabaseSwift */ = {
			isa = XCSwiftPackageProductDependency;
			package = C59A28CB2C34777700003EF2 /* XCRemoteSwiftPackageReference "firebase-ios-sdk" */;
			productName = FirebaseDatabaseSwift;
		};
		C529889B2C8AAB48000B1168 /* FirebaseFirestoreSwift */ = {
			isa = XCSwiftPackageProductDependency;
			package = C59A28CB2C34777700003EF2 /* XCRemoteSwiftPackageReference "firebase-ios-sdk" */;
			productName = FirebaseFirestoreSwift;
		};
		C59A28CC2C34777700003EF2 /* FirebaseAnalytics */ = {
			isa = XCSwiftPackageProductDependency;
			package = C59A28CB2C34777700003EF2 /* XCRemoteSwiftPackageReference "firebase-ios-sdk" */;
			productName = FirebaseAnalytics;
		};
		C59A28CE2C34777700003EF2 /* FirebaseAnalyticsOnDeviceConversion */ = {
			isa = XCSwiftPackageProductDependency;
			package = C59A28CB2C34777700003EF2 /* XCRemoteSwiftPackageReference "firebase-ios-sdk" */;
			productName = FirebaseAnalyticsOnDeviceConversion;
		};
		C59A28D02C34777700003EF2 /* FirebaseAnalyticsSwift */ = {
			isa = XCSwiftPackageProductDependency;
			package = C59A28CB2C34777700003EF2 /* XCRemoteSwiftPackageReference "firebase-ios-sdk" */;
			productName = FirebaseAnalyticsSwift;
		};
		C59A28D22C34777700003EF2 /* FirebaseAnalyticsWithoutAdIdSupport */ = {
			isa = XCSwiftPackageProductDependency;
			package = C59A28CB2C34777700003EF2 /* XCRemoteSwiftPackageReference "firebase-ios-sdk" */;
			productName = FirebaseAnalyticsWithoutAdIdSupport;
		};
		C59A28D42C34777700003EF2 /* FirebaseAppCheck */ = {
			isa = XCSwiftPackageProductDependency;
			package = C59A28CB2C34777700003EF2 /* XCRemoteSwiftPackageReference "firebase-ios-sdk" */;
			productName = FirebaseAppCheck;
		};
/* End XCSwiftPackageProductDependency section */
	};
	rootObject = C55B99612C2B973A003AC9BE /* Project object */;
}
